// !$*UTF8*$!
{
	archiveVersion = 1;
	classes = {
	};
	objectVersion = 46;
	objects = {

/* Begin PBXBuildFile section */
		93354B481533C505002EA58E /* UIKit.framework in Frameworks */ = {isa = PBXBuildFile; fileRef = 93354B471533C505002EA58E /* UIKit.framework */; };
		93354B4A1533C505002EA58E /* Foundation.framework in Frameworks */ = {isa = PBXBuildFile; fileRef = 93354B491533C505002EA58E /* Foundation.framework */; };
		93354B4C1533C505002EA58E /* CoreGraphics.framework in Frameworks */ = {isa = PBXBuildFile; fileRef = 93354B4B1533C505002EA58E /* CoreGraphics.framework */; };
		93354B4E1533C505002EA58E /* CoreData.framework in Frameworks */ = {isa = PBXBuildFile; fileRef = 93354B4D1533C505002EA58E /* CoreData.framework */; };
		93354B541533C505002EA58E /* InfoPlist.strings in Resources */ = {isa = PBXBuildFile; fileRef = 93354B521533C505002EA58E /* InfoPlist.strings */; };
		93354B561533C505002EA58E /* main.m in Sources */ = {isa = PBXBuildFile; fileRef = 93354B551533C505002EA58E /* main.m */; };
		93354B5A1533C505002EA58E /* A1AppDelegate.m in Sources */ = {isa = PBXBuildFile; fileRef = 93354B591533C505002EA58E /* A1AppDelegate.m */; };
		93354B5D1533C505002EA58E /* AssignmentOne.xcdatamodeld in Sources */ = {isa = PBXBuildFile; fileRef = 93354B5B1533C505002EA58E /* AssignmentOne.xcdatamodeld */; };
		93354B691533C5A8002EA58E /* A1MasterViewController.m in Sources */ = {isa = PBXBuildFile; fileRef = 93354B671533C5A8002EA58E /* A1MasterViewController.m */; };
		93354B6A1533C5A8002EA58E /* A1MasterViewController.xib in Resources */ = {isa = PBXBuildFile; fileRef = 93354B681533C5A8002EA58E /* A1MasterViewController.xib */; };
		93354B701533C729002EA58E /* Event.m in Sources */ = {isa = PBXBuildFile; fileRef = 93354B6F1533C729002EA58E /* Event.m */; };
		93354B741533C889002EA58E /* A1DetailViewController.m in Sources */ = {isa = PBXBuildFile; fileRef = 93354B721533C889002EA58E /* A1DetailViewController.m */; };
		93354B751533C889002EA58E /* A1DetailViewController.xib in Resources */ = {isa = PBXBuildFile; fileRef = 93354B731533C889002EA58E /* A1DetailViewController.xib */; };
/* End PBXBuildFile section */

/* Begin PBXFileReference section */
		93354B431533C505002EA58E /* AssignmentOne.app */ = {isa = PBXFileReference; explicitFileType = wrapper.application; includeInIndex = 0; path = AssignmentOne.app; sourceTree = BUILT_PRODUCTS_DIR; };
		93354B471533C505002EA58E /* UIKit.framework */ = {isa = PBXFileReference; lastKnownFileType = wrapper.framework; name = UIKit.framework; path = System/Library/Frameworks/UIKit.framework; sourceTree = SDKROOT; };
		93354B491533C505002EA58E /* Foundation.framework */ = {isa = PBXFileReference; lastKnownFileType = wrapper.framework; name = Foundation.framework; path = System/Library/Frameworks/Foundation.framework; sourceTree = SDKROOT; };
		93354B4B1533C505002EA58E /* CoreGraphics.framework */ = {isa = PBXFileReference; lastKnownFileType = wrapper.framework; name = CoreGraphics.framework; path = System/Library/Frameworks/CoreGraphics.framework; sourceTree = SDKROOT; };
		93354B4D1533C505002EA58E /* CoreData.framework */ = {isa = PBXFileReference; lastKnownFileType = wrapper.framework; name = CoreData.framework; path = System/Library/Frameworks/CoreData.framework; sourceTree = SDKROOT; };
		93354B511533C505002EA58E /* AssignmentOne-Info.plist */ = {isa = PBXFileReference; lastKnownFileType = text.plist.xml; path = "AssignmentOne-Info.plist"; sourceTree = "<group>"; };
		93354B531533C505002EA58E /* en */ = {isa = PBXFileReference; lastKnownFileType = text.plist.strings; name = en; path = en.lproj/InfoPlist.strings; sourceTree = "<group>"; };
		93354B551533C505002EA58E /* main.m */ = {isa = PBXFileReference; lastKnownFileType = sourcecode.c.objc; path = main.m; sourceTree = "<group>"; };
		93354B571533C505002EA58E /* AssignmentOne-Prefix.pch */ = {isa = PBXFileReference; lastKnownFileType = sourcecode.c.h; path = "AssignmentOne-Prefix.pch"; sourceTree = "<group>"; };
		93354B581533C505002EA58E /* A1AppDelegate.h */ = {isa = PBXFileReference; lastKnownFileType = sourcecode.c.h; path = A1AppDelegate.h; sourceTree = "<group>"; };
		93354B591533C505002EA58E /* A1AppDelegate.m */ = {isa = PBXFileReference; lastKnownFileType = sourcecode.c.objc; path = A1AppDelegate.m; sourceTree = "<group>"; };
		93354B5C1533C505002EA58E /* AssignmentOne.xcdatamodel */ = {isa = PBXFileReference; lastKnownFileType = wrapper.xcdatamodel; path = AssignmentOne.xcdatamodel; sourceTree = "<group>"; };
		93354B661533C5A8002EA58E /* A1MasterViewController.h */ = {isa = PBXFileReference; fileEncoding = 4; lastKnownFileType = sourcecode.c.h; path = A1MasterViewController.h; sourceTree = "<group>"; };
		93354B671533C5A8002EA58E /* A1MasterViewController.m */ = {isa = PBXFileReference; fileEncoding = 4; lastKnownFileType = sourcecode.c.objc; path = A1MasterViewController.m; sourceTree = "<group>"; };
		93354B681533C5A8002EA58E /* A1MasterViewController.xib */ = {isa = PBXFileReference; fileEncoding = 4; lastKnownFileType = file.xib; path = A1MasterViewController.xib; sourceTree = "<group>"; };
		93354B6E1533C729002EA58E /* Event.h */ = {isa = PBXFileReference; fileEncoding = 4; lastKnownFileType = sourcecode.c.h; path = Event.h; sourceTree = "<group>"; };
		93354B6F1533C729002EA58E /* Event.m */ = {isa = PBXFileReference; fileEncoding = 4; lastKnownFileType = sourcecode.c.objc; path = Event.m; sourceTree = "<group>"; };
		93354B711533C889002EA58E /* A1DetailViewController.h */ = {isa = PBXFileReference; fileEncoding = 4; lastKnownFileType = sourcecode.c.h; path = A1DetailViewController.h; sourceTree = "<group>"; };
		93354B721533C889002EA58E /* A1DetailViewController.m */ = {isa = PBXFileReference; fileEncoding = 4; lastKnownFileType = sourcecode.c.objc; path = A1DetailViewController.m; sourceTree = "<group>"; };
		93354B731533C889002EA58E /* A1DetailViewController.xib */ = {isa = PBXFileReference; fileEncoding = 4; lastKnownFileType = file.xib; path = A1DetailViewController.xib; sourceTree = "<group>"; };
/* End PBXFileReference section */

/* Begin PBXFrameworksBuildPhase section */
		93354B401533C505002EA58E /* Frameworks */ = {
			isa = PBXFrameworksBuildPhase;
			buildActionMask = 2147483647;
			files = (
				93354B481533C505002EA58E /* UIKit.framework in Frameworks */,
				93354B4A1533C505002EA58E /* Foundation.framework in Frameworks */,
				93354B4C1533C505002EA58E /* CoreGraphics.framework in Frameworks */,
				93354B4E1533C505002EA58E /* CoreData.framework in Frameworks */,
			);
			runOnlyForDeploymentPostprocessing = 0;
		};
/* End PBXFrameworksBuildPhase section */

/* Begin PBXGroup section */
		93354B381533C505002EA58E = {
			isa = PBXGroup;
			children = (
				93354B4F1533C505002EA58E /* AssignmentOne */,
				93354B461533C505002EA58E /* Frameworks */,
				93354B441533C505002EA58E /* Products */,
			);
			sourceTree = "<group>";
		};
		93354B441533C505002EA58E /* Products */ = {
			isa = PBXGroup;
			children = (
				93354B431533C505002EA58E /* AssignmentOne.app */,
			);
			name = Products;
			sourceTree = "<group>";
		};
		93354B461533C505002EA58E /* Frameworks */ = {
			isa = PBXGroup;
			children = (
				93354B471533C505002EA58E /* UIKit.framework */,
				93354B491533C505002EA58E /* Foundation.framework */,
				93354B4B1533C505002EA58E /* CoreGraphics.framework */,
				93354B4D1533C505002EA58E /* CoreData.framework */,
			);
			name = Frameworks;
			sourceTree = "<group>";
		};
		93354B4F1533C505002EA58E /* AssignmentOne */ = {
			isa = PBXGroup;
			children = (
				93354B581533C505002EA58E /* A1AppDelegate.h */,
				93354B591533C505002EA58E /* A1AppDelegate.m */,
				93354B5B1533C505002EA58E /* AssignmentOne.xcdatamodeld */,
				93354B6E1533C729002EA58E /* Event.h */,
				93354B6F1533C729002EA58E /* Event.m */,
				93354B501533C505002EA58E /* Supporting Files */,
				93354B661533C5A8002EA58E /* A1MasterViewController.h */,
				93354B671533C5A8002EA58E /* A1MasterViewController.m */,
				93354B681533C5A8002EA58E /* A1MasterViewController.xib */,
				93354B711533C889002EA58E /* A1DetailViewController.h */,
				93354B721533C889002EA58E /* A1DetailViewController.m */,
				93354B731533C889002EA58E /* A1DetailViewController.xib */,
			);
			path = AssignmentOne;
			sourceTree = "<group>";
		};
		93354B501533C505002EA58E /* Supporting Files */ = {
			isa = PBXGroup;
			children = (
				93354B511533C505002EA58E /* AssignmentOne-Info.plist */,
				93354B521533C505002EA58E /* InfoPlist.strings */,
				93354B551533C505002EA58E /* main.m */,
				93354B571533C505002EA58E /* AssignmentOne-Prefix.pch */,
			);
			name = "Supporting Files";
			sourceTree = "<group>";
		};
/* End PBXGroup section */

/* Begin PBXNativeTarget section */
		93354B421533C505002EA58E /* AssignmentOne */ = {
			isa = PBXNativeTarget;
			buildConfigurationList = 93354B601533C505002EA58E /* Build configuration list for PBXNativeTarget "AssignmentOne" */;
			buildPhases = (
				93354B3F1533C505002EA58E /* Sources */,
				93354B401533C505002EA58E /* Frameworks */,
				93354B411533C505002EA58E /* Resources */,
			);
			buildRules = (
			);
			dependencies = (
			);
			name = AssignmentOne;
			productName = AssignmentOne;
			productReference = 93354B431533C505002EA58E /* AssignmentOne.app */;
			productType = "com.apple.product-type.application";
		};
/* End PBXNativeTarget section */

/* Begin PBXProject section */
		93354B3A1533C505002EA58E /* Project object */ = {
			isa = PBXProject;
			attributes = {
				CLASSPREFIX = A1;
				LastUpgradeCheck = 0430;
			};
			buildConfigurationList = 93354B3D1533C505002EA58E /* Build configuration list for PBXProject "AssignmentOne" */;
			compatibilityVersion = "Xcode 3.2";
			developmentRegion = English;
			hasScannedForEncodings = 0;
			knownRegions = (
				en,
			);
			mainGroup = 93354B381533C505002EA58E;
			productRefGroup = 93354B441533C505002EA58E /* Products */;
			projectDirPath = "";
			projectRoot = "";
			targets = (
				93354B421533C505002EA58E /* AssignmentOne */,
			);
		};
/* End PBXProject section */

/* Begin PBXResourcesBuildPhase section */
		93354B411533C505002EA58E /* Resources */ = {
			isa = PBXResourcesBuildPhase;
			buildActionMask = 2147483647;
			files = (
				93354B541533C505002EA58E /* InfoPlist.strings in Resources */,
				93354B6A1533C5A8002EA58E /* A1MasterViewController.xib in Resources */,
				93354B751533C889002EA58E /* A1DetailViewController.xib in Resources */,
			);
			runOnlyForDeploymentPostprocessing = 0;
		};
/* End PBXResourcesBuildPhase section */

/* Begin PBXSourcesBuildPhase section */
		93354B3F1533C505002EA58E /* Sources */ = {
			isa = PBXSourcesBuildPhase;
			buildActionMask = 2147483647;
			files = (
				93354B561533C505002EA58E /* main.m in Sources */,
				93354B5A1533C505002EA58E /* A1AppDelegate.m in Sources */,
				93354B5D1533C505002EA58E /* AssignmentOne.xcdatamodeld in Sources */,
				93354B691533C5A8002EA58E /* A1MasterViewController.m in Sources */,
				93354B701533C729002EA58E /* Event.m in Sources */,
				93354B741533C889002EA58E /* A1DetailViewController.m in Sources */,
			);
			runOnlyForDeploymentPostprocessing = 0;
		};
/* End PBXSourcesBuildPhase section */

/* Begin PBXVariantGroup section */
		93354B521533C505002EA58E /* InfoPlist.strings */ = {
			isa = PBXVariantGroup;
			children = (
				93354B531533C505002EA58E /* en */,
			);
			name = InfoPlist.strings;
			sourceTree = "<group>";
		};
/* End PBXVariantGroup section */

/* Begin XCBuildConfiguration section */
		93354B5E1533C505002EA58E /* Debug */ = {
			isa = XCBuildConfiguration;
			buildSettings = {
				ALWAYS_SEARCH_USER_PATHS = NO;
				ARCHS = "$(ARCHS_STANDARD_32_BIT)";
				"CODE_SIGN_IDENTITY[sdk=iphoneos*]" = "iPhone Developer";
				COPY_PHASE_STRIP = NO;
				GCC_C_LANGUAGE_STANDARD = gnu99;
				GCC_DYNAMIC_NO_PIC = NO;
				GCC_OPTIMIZATION_LEVEL = 0;
				GCC_PREPROCESSOR_DEFINITIONS = (
					"DEBUG=1",
					"$(inherited)",
				);
				GCC_SYMBOLS_PRIVATE_EXTERN = NO;
				GCC_VERSION = com.apple.compilers.llvm.clang.1_0;
				GCC_WARN_ABOUT_RETURN_TYPE = YES;
				GCC_WARN_UNINITIALIZED_AUTOS = YES;
				GCC_WARN_UNUSED_VARIABLE = YES;
				IPHONEOS_DEPLOYMENT_TARGET = 5.1;
				SDKROOT = iphoneos;
			};
			name = Debug;
		};
		93354B5F1533C505002EA58E /* Release */ = {
			isa = XCBuildConfiguration;
			buildSettings = {
				ALWAYS_SEARCH_USER_PATHS = NO;
				ARCHS = "$(ARCHS_STANDARD_32_BIT)";
				"CODE_SIGN_IDENTITY[sdk=iphoneos*]" = "iPhone Developer";
				COPY_PHASE_STRIP = YES;
				GCC_C_LANGUAGE_STANDARD = gnu99;
				GCC_VERSION = com.apple.compilers.llvm.clang.1_0;
				GCC_WARN_ABOUT_RETURN_TYPE = YES;
				GCC_WARN_UNINITIALIZED_AUTOS = YES;
				GCC_WARN_UNUSED_VARIABLE = YES;
				IPHONEOS_DEPLOYMENT_TARGET = 5.1;
				OTHER_CFLAGS = "-DNS_BLOCK_ASSERTIONS=1";
				SDKROOT = iphoneos;
				VALIDATE_PRODUCT = YES;
			};
			name = Release;
		};
		93354B611533C505002EA58E /* Debug */ = {
			isa = XCBuildConfiguration;
			buildSettings = {
				GCC_PRECOMPILE_PREFIX_HEADER = YES;
				GCC_PREFIX_HEADER = "AssignmentOne/AssignmentOne-Prefix.pch";
				INFOPLIST_FILE = "AssignmentOne/AssignmentOne-Info.plist";
				IPHONEOS_DEPLOYMENT_TARGET = 4.2;
				PRODUCT_NAME = "$(TARGET_NAME)";
				WRAPPER_EXTENSION = app;
			};
			name = Debug;
		};
		93354B621533C505002EA58E /* Release */ = {
			isa = XCBuildConfiguration;
			buildSettings = {
				GCC_PRECOMPILE_PREFIX_HEADER = YES;
				GCC_PREFIX_HEADER = "AssignmentOne/AssignmentOne-Prefix.pch";
				INFOPLIST_FILE = "AssignmentOne/AssignmentOne-Info.plist";
				IPHONEOS_DEPLOYMENT_TARGET = 4.2;
				PRODUCT_NAME = "$(TARGET_NAME)";
				WRAPPER_EXTENSION = app;
			};
			name = Release;
		};
/* End XCBuildConfiguration section */

/* Begin XCConfigurationList section */
		93354B3D1533C505002EA58E /* Build configuration list for PBXProject "AssignmentOne" */ = {
			isa = XCConfigurationList;
			buildConfigurations = (
				93354B5E1533C505002EA58E /* Debug */,
				93354B5F1533C505002EA58E /* Release */,
			);
			defaultConfigurationIsVisible = 0;
			defaultConfigurationName = Release;
		};
		93354B601533C505002EA58E /* Build configuration list for PBXNativeTarget "AssignmentOne" */ = {
			isa = XCConfigurationList;
			buildConfigurations = (
				93354B611533C505002EA58E /* Debug */,
				93354B621533C505002EA58E /* Release */,
			);
			defaultConfigurationIsVisible = 0;
		};
/* End XCConfigurationList section */

/* Begin XCVersionGroup section */
		93354B5B1533C505002EA58E /* AssignmentOne.xcdatamodeld */ = {
			isa = XCVersionGroup;
			children = (
				93354B5C1533C505002EA58E /* AssignmentOne.xcdatamodel */,
			);
			currentVersion = 93354B5C1533C505002EA58E /* AssignmentOne.xcdatamodel */;
			path = AssignmentOne.xcdatamodeld;
			sourceTree = "<group>";
			versionGroupType = wrapper.xcdatamodel;
		};
/* End XCVersionGroup section */
	};
	rootObject = 93354B3A1533C505002EA58E /* Project object */;
}
